
Microsoft Visual Studio Solution File, Format Version 12.00
# Visual Studio Version 16
VisualStudioVersion = 16.0.31402.337
MinimumVisualStudioVersion = 10.0.40219.1
Project("{FAE04EC0-301F-11D3-BF4B-00C04F79EFBC}") = "X1_TestModule", "X1_TestModule\X1_TestModule.csproj", "{333ECADE-FF02-43F1-A3E5-6F60EAD6E67C}"
EndProject
Global
	GlobalSection(SolutionConfigurationPlatforms) = preSolution
		Debug|Any CPU = Debug|Any CPU
		Release|Any CPU = Release|Any CPU
	EndGlobalSection
	GlobalSection(ProjectConfigurationPlatforms) = postSolution
		{333ECADE-FF02-43F1-A3E5-6F60EAD6E67C}.Debug|Any CPU.ActiveCfg = Debug|Any CPU
		{333ECADE-FF02-43F1-A3E5-6F60EAD6E67C}.Debug|Any CPU.Build.0 = Debug|Any CPU
		{333ECADE-FF02-43F1-A3E5-6F60EAD6E67C}.Release|Any CPU.ActiveCfg = Release|Any CPU
		{333ECADE-FF02-43F1-A3E5-6F60EAD6E67C}.Release|Any CPU.Build.0 = Release|Any CPU
	EndGlobalSection
	GlobalSection(SolutionProperties) = preSolution
		HideSolutionNode = FALSE
	EndGlobalSection
	GlobalSection(ExtensibilityGlobals) = postSolution
		SolutionGuid = {E4F41674-FD9A-4414-8B61-DDC1B3D2ABDC}
	EndGlobalSection
EndGlobal
